
Microsoft Visual Studio Solution File, Format Version 12.00
# Visual Studio Version 16
VisualStudioVersion = 16.0.31702.278
MinimumVisualStudioVersion = 10.0.40219.1
Project("{FAE04EC0-301F-11D3-BF4B-00C04F79EFBC}") = "SistemaAcademico1", "SistemaAcademico1\SistemaAcademico1.csproj", "{FBE77E07-4127-4CDB-BD9A-071F7928A279}"
EndProject
Global
	GlobalSection(SolutionConfigurationPlatforms) = preSolution
		Debug|Any CPU = Debug|Any CPU
		Release|Any CPU = Release|Any CPU
	EndGlobalSection
	GlobalSection(ProjectConfigurationPlatforms) = postSolution
		{FBE77E07-4127-4CDB-BD9A-071F7928A279}.Debug|Any CPU.ActiveCfg = Debug|Any CPU
		{FBE77E07-4127-4CDB-BD9A-071F7928A279}.Debug|Any CPU.Build.0 = Debug|Any CPU
		{FBE77E07-4127-4CDB-BD9A-071F7928A279}.Release|Any CPU.ActiveCfg = Release|Any CPU
		{FBE77E07-4127-4CDB-BD9A-071F7928A279}.Release|Any CPU.Build.0 = Release|Any CPU
	EndGlobalSection
	GlobalSection(SolutionProperties) = preSolution
		HideSolutionNode = FALSE
	EndGlobalSection
	GlobalSection(ExtensibilityGlobals) = postSolution
		SolutionGuid = {A5B168CC-CEE4-418D-9203-3D32F826036F}
	EndGlobalSection
EndGlobal
